
Microsoft Visual Studio Solution File, Format Version 12.00
# Visual Studio Version 17
VisualStudioVersion = 17.14.36414.22 d17.14
MinimumVisualStudioVersion = 10.0.40219.1
Project("{FAE04EC0-301F-11D3-BF4B-00C04F79EFBC}") = "VentesVoitures", "VentesVoitures.csproj", "{C3B546D9-7188-4108-88AC-9207B095C44D}"
EndProject
Global
	GlobalSection(SolutionConfigurationPlatforms) = preSolution
		Debug|Any CPU = Debug|Any CPU
		Release|Any CPU = Release|Any CPU
	EndGlobalSection
	GlobalSection(ProjectConfigurationPlatforms) = postSolution
		{C3B546D9-7188-4108-88AC-9207B095C44D}.Debug|Any CPU.ActiveCfg = Debug|Any CPU
		{C3B546D9-7188-4108-88AC-9207B095C44D}.Debug|Any CPU.Build.0 = Debug|Any CPU
		{C3B546D9-7188-4108-88AC-9207B095C44D}.Release|Any CPU.ActiveCfg = Release|Any CPU
		{C3B546D9-7188-4108-88AC-9207B095C44D}.Release|Any CPU.Build.0 = Release|Any CPU
	EndGlobalSection
	GlobalSection(SolutionProperties) = preSolution
		HideSolutionNode = FALSE
	EndGlobalSection
	GlobalSection(ExtensibilityGlobals) = postSolution
		SolutionGuid = {AFDC5BBA-A9B9-44E6-BC39-3AB896CC4993}
	EndGlobalSection
EndGlobal
